schema: '2.0'
stages:
  load_data:
    cmd: python src/load_data.py
    deps:
    - path: src/load_data.py
      hash: md5
      md5: b1cc18baea1257f3fbfb0aa9c771ed42
      size: 227
    outs:
    - path: output/data.pkl
      hash: md5
      md5: 35353c71da0985eed8bb507bbc53bd91
      size: 54950285
  train:
    cmd: python src/train.py
    deps:
    - path: output/data.pkl
      hash: md5
      md5: 35353c71da0985eed8bb507bbc53bd91
      size: 54950285
    - path: src/train.py
      hash: md5
      md5: cbcb201176828feaf6ff334bc9073b42
      size: 3333
    params:
      params.yaml:
        train.batch_size: 128
        train.dropout: 0.4
        train.hidden_units: 64
        train.lr: 0.001
        train.num_epochs: 10
    outs:
    - path: dvclive/metrics.json
      hash: md5
      md5: 4dfa1eda50918a387d4bd94dca7280e5
      size: 54
    - path: dvclive/plots/metrics/accuracy.tsv
      hash: md5
      md5: b14f1cc97c8786fa5a72b625b38c411c
      size: 222
    - path: output/myfmmodel.keras
      hash: md5
      md5: 7b26e4133c9e27636775ba4952b0e4b5
      size: 3681312
    - path: output/myfmmodel.tar.gz
      hash: md5
      md5: 85ae46be093f80568ad84c894abd0ab9
      size: 3429642
    - path: output/train_logs.csv
      hash: md5
      md5: 21db0fa1402f98b6762ee1b2cb80bb18
      size: 420
  evaluate:
    cmd: python src/evaluate.py
    deps:
    - path: output/data.pkl
      hash: md5
      md5: 35353c71da0985eed8bb507bbc53bd91
      size: 54950285
    - path: output/myfmmodel.keras
      hash: md5
      md5: 7b26e4133c9e27636775ba4952b0e4b5
      size: 3681312
    - path: src/evaluate.py
      hash: md5
      md5: d55658c1947e760905f8784a695033b4
      size: 2983
    outs:
    - path: output/metrics.json
      hash: md5
      md5: 3ff9f75d3092a0bf5c936d7da2a29e4d
      size: 61
    - path: output/predictions.json
      hash: md5
      md5: 336fadbcd5c3f29eeb2cd88f77c8f43d
      size: 310000
    - path: output/test/samples_of_mispredicted_images/
      hash: md5
      md5: 0cc4bcca1e5b08d5d8c03883c5ff8592.dir
      size: 175626
      nfiles: 10
